{
  "name": "shd",
  "version": "0.1.0",
  "lockfileVersion": 3,
  "requires": true,
  "packages": {
    "": {
      "name": "shd",
      "version": "0.1.0",
      "hasInstallScript": true,
      "license": "MIT",
      "bin": {
        "shd": "bin/shd"
      },
      "engines": {
        "node": ">=18"
      }
    }
  }
}
